
Microsoft Visual Studio Solution File, Format Version 12.00
# Visual Studio Version 17
VisualStudioVersion = 17.14.36109.1
MinimumVisualStudioVersion = 10.0.40219.1
Project("{FAE04EC0-301F-11D3-BF4B-00C04F79EFBC}") = "SharedTools.Web", "SharedTools.Web\SharedTools.Web.csproj", "{1A5B4F37-3537-40BF-8AB0-E72BBA96554C}"
EndProject
Project("{FAE04EC0-301F-11D3-BF4B-00C04F79EFBC}") = "ExampleWebApp", "ExampleWebApp\ExampleWebApp.csproj", "{FC91D489-395C-46EC-B81D-197768700895}"
EndProject
Project("{2150E333-8FDC-42A3-9474-1A3956D46DE8}") = "Solution Items", "Solution Items", "{8EC462FD-D22E-90A8-E5CE-7E832BA40C5D}"
	ProjectSection(SolutionItems) = preProject
		README.md = README.md
		tag-release.ps1 = tag-release.ps1
	EndProjectSection
EndProject
Project("{FAE04EC0-301F-11D3-BF4B-00C04F79EFBC}") = "ExampleWebModule", "ExampleWebModule\ExampleWebModule.csproj", "{2704D151-FB0A-40F5-B6DA-00C001D41420}"
EndProject
Global
	GlobalSection(SolutionConfigurationPlatforms) = preSolution
		Debug|Any CPU = Debug|Any CPU
		Release|Any CPU = Release|Any CPU
	EndGlobalSection
	GlobalSection(ProjectConfigurationPlatforms) = postSolution
		{1A5B4F37-3537-40BF-8AB0-E72BBA96554C}.Debug|Any CPU.ActiveCfg = Debug|Any CPU
		{1A5B4F37-3537-40BF-8AB0-E72BBA96554C}.Debug|Any CPU.Build.0 = Debug|Any CPU
		{1A5B4F37-3537-40BF-8AB0-E72BBA96554C}.Release|Any CPU.ActiveCfg = Release|Any CPU
		{1A5B4F37-3537-40BF-8AB0-E72BBA96554C}.Release|Any CPU.Build.0 = Release|Any CPU
		{FC91D489-395C-46EC-B81D-197768700895}.Debug|Any CPU.ActiveCfg = Debug|Any CPU
		{FC91D489-395C-46EC-B81D-197768700895}.Debug|Any CPU.Build.0 = Debug|Any CPU
		{FC91D489-395C-46EC-B81D-197768700895}.Release|Any CPU.ActiveCfg = Release|Any CPU
		{FC91D489-395C-46EC-B81D-197768700895}.Release|Any CPU.Build.0 = Release|Any CPU
		{2704D151-FB0A-40F5-B6DA-00C001D41420}.Debug|Any CPU.ActiveCfg = Debug|Any CPU
		{2704D151-FB0A-40F5-B6DA-00C001D41420}.Debug|Any CPU.Build.0 = Debug|Any CPU
		{2704D151-FB0A-40F5-B6DA-00C001D41420}.Release|Any CPU.ActiveCfg = Release|Any CPU
		{2704D151-FB0A-40F5-B6DA-00C001D41420}.Release|Any CPU.Build.0 = Release|Any CPU
	EndGlobalSection
	GlobalSection(SolutionProperties) = preSolution
		HideSolutionNode = FALSE
	EndGlobalSection
	GlobalSection(ExtensibilityGlobals) = postSolution
		SolutionGuid = {AFE14FD5-F1AD-4B11-BA34-A2D5F4A7A214}
	EndGlobalSection
EndGlobal
